
Microsoft Visual Studio Solution File, Format Version 12.00
# Visual Studio Version 16
VisualStudioVersion = 16.0.30907.101
MinimumVisualStudioVersion = 10.0.40219.1
Project("{9A19103F-16F7-4668-BE54-9A1E7A4F7556}") = "BOT.WEB", "BOT.WEB\BOT.WEB.csproj", "{5C92B94C-B6C6-4041-948E-1871C03041B6}"
EndProject
Project("{9A19103F-16F7-4668-BE54-9A1E7A4F7556}") = "BOT.DATA", "BOT.DATA\BOT.DATA.csproj", "{3906F617-3D90-4527-8848-CBBDD7831284}"
EndProject
Project("{9A19103F-16F7-4668-BE54-9A1E7A4F7556}") = "BOT.CORE", "BOT.CORE\BOT.CORE.csproj", "{7C99717A-776F-46FC-BE4B-82BB40BBF634}"
EndProject
Global
	GlobalSection(SolutionConfigurationPlatforms) = preSolution
		Debug|Any CPU = Debug|Any CPU
		Release|Any CPU = Release|Any CPU
	EndGlobalSection
	GlobalSection(ProjectConfigurationPlatforms) = postSolution
		{5C92B94C-B6C6-4041-948E-1871C03041B6}.Debug|Any CPU.ActiveCfg = Debug|Any CPU
		{5C92B94C-B6C6-4041-948E-1871C03041B6}.Debug|Any CPU.Build.0 = Debug|Any CPU
		{5C92B94C-B6C6-4041-948E-1871C03041B6}.Release|Any CPU.ActiveCfg = Release|Any CPU
		{5C92B94C-B6C6-4041-948E-1871C03041B6}.Release|Any CPU.Build.0 = Release|Any CPU
		{3906F617-3D90-4527-8848-CBBDD7831284}.Debug|Any CPU.ActiveCfg = Debug|Any CPU
		{3906F617-3D90-4527-8848-CBBDD7831284}.Debug|Any CPU.Build.0 = Debug|Any CPU
		{3906F617-3D90-4527-8848-CBBDD7831284}.Release|Any CPU.ActiveCfg = Release|Any CPU
		{3906F617-3D90-4527-8848-CBBDD7831284}.Release|Any CPU.Build.0 = Release|Any CPU
		{7C99717A-776F-46FC-BE4B-82BB40BBF634}.Debug|Any CPU.ActiveCfg = Debug|Any CPU
		{7C99717A-776F-46FC-BE4B-82BB40BBF634}.Debug|Any CPU.Build.0 = Debug|Any CPU
		{7C99717A-776F-46FC-BE4B-82BB40BBF634}.Release|Any CPU.ActiveCfg = Release|Any CPU
		{7C99717A-776F-46FC-BE4B-82BB40BBF634}.Release|Any CPU.Build.0 = Release|Any CPU
	EndGlobalSection
	GlobalSection(SolutionProperties) = preSolution
		HideSolutionNode = FALSE
	EndGlobalSection
	GlobalSection(ExtensibilityGlobals) = postSolution
		SolutionGuid = {223D2F48-0A0F-49D0-B8B8-40013E89981E}
	EndGlobalSection
EndGlobal
